// !$*UTF8*$!
{
	archiveVersion = 1;
	classes = {
	};
	objectVersion = 50;
	objects = {

/* Begin PBXBuildFile section */
		0E5F795AAB84B2D93B6AF041 /* Pods_FlashMentalArithmeticApp.framework in Frameworks */ = {isa = PBXBuildFile; fileRef = 0782F2D12BA455DA9AD7746B /* Pods_FlashMentalArithmeticApp.framework */; };
		79145DBE269DB545008FAEAC /* AppDelegate.swift in Sources */ = {isa = PBXBuildFile; fileRef = 79145DBD269DB545008FAEAC /* AppDelegate.swift */; };
		79145DC0269DB545008FAEAC /* SceneDelegate.swift in Sources */ = {isa = PBXBuildFile; fileRef = 79145DBF269DB545008FAEAC /* SceneDelegate.swift */; };
		79145DC2269DB545008FAEAC /* ViewController.swift in Sources */ = {isa = PBXBuildFile; fileRef = 79145DC1269DB545008FAEAC /* ViewController.swift */; };
		79145DC5269DB545008FAEAC /* Main.storyboard in Resources */ = {isa = PBXBuildFile; fileRef = 79145DC3269DB545008FAEAC /* Main.storyboard */; };
		79145DC7269DB547008FAEAC /* Assets.xcassets in Resources */ = {isa = PBXBuildFile; fileRef = 79145DC6269DB547008FAEAC /* Assets.xcassets */; };
		79145DCA269DB547008FAEAC /* LaunchScreen.storyboard in Resources */ = {isa = PBXBuildFile; fileRef = 79145DC8269DB547008FAEAC /* LaunchScreen.storyboard */; };
		79145DD4269E6A59008FAEAC /* AnswerViewController.swift in Sources */ = {isa = PBXBuildFile; fileRef = 79145DD3269E6A59008FAEAC /* AnswerViewController.swift */; };
/* End PBXBuildFile section */

/* Begin PBXFileReference section */
		0782F2D12BA455DA9AD7746B /* Pods_FlashMentalArithmeticApp.framework */ = {isa = PBXFileReference; explicitFileType = wrapper.framework; includeInIndex = 0; path = Pods_FlashMentalArithmeticApp.framework; sourceTree = BUILT_PRODUCTS_DIR; };
		34418129A42571A0B8A30795 /* Pods-FlashMentalArithmeticApp.debug.xcconfig */ = {isa = PBXFileReference; includeInIndex = 1; lastKnownFileType = text.xcconfig; name = "Pods-FlashMentalArithmeticApp.debug.xcconfig"; path = "Target Support Files/Pods-FlashMentalArithmeticApp/Pods-FlashMentalArithmeticApp.debug.xcconfig"; sourceTree = "<group>"; };
		79145DBA269DB545008FAEAC /* FlashMentalArithmeticApp.app */ = {isa = PBXFileReference; explicitFileType = wrapper.application; includeInIndex = 0; path = FlashMentalArithmeticApp.app; sourceTree = BUILT_PRODUCTS_DIR; };
		79145DBD269DB545008FAEAC /* AppDelegate.swift */ = {isa = PBXFileReference; lastKnownFileType = sourcecode.swift; path = AppDelegate.swift; sourceTree = "<group>"; };
		79145DBF269DB545008FAEAC /* SceneDelegate.swift */ = {isa = PBXFileReference; lastKnownFileType = sourcecode.swift; path = SceneDelegate.swift; sourceTree = "<group>"; };
		79145DC1269DB545008FAEAC /* ViewController.swift */ = {isa = PBXFileReference; lastKnownFileType = sourcecode.swift; path = ViewController.swift; sourceTree = "<group>"; };
		79145DC4269DB545008FAEAC /* Base */ = {isa = PBXFileReference; lastKnownFileType = file.storyboard; name = Base; path = Base.lproj/Main.storyboard; sourceTree = "<group>"; };
		79145DC6269DB547008FAEAC /* Assets.xcassets */ = {isa = PBXFileReference; lastKnownFileType = folder.assetcatalog; path = Assets.xcassets; sourceTree = "<group>"; };
		79145DC9269DB547008FAEAC /* Base */ = {isa = PBXFileReference; lastKnownFileType = file.storyboard; name = Base; path = Base.lproj/LaunchScreen.storyboard; sourceTree = "<group>"; };
		79145DCB269DB547008FAEAC /* Info.plist */ = {isa = PBXFileReference; lastKnownFileType = text.plist.xml; path = Info.plist; sourceTree = "<group>"; };
		79145DD3269E6A59008FAEAC /* AnswerViewController.swift */ = {isa = PBXFileReference; lastKnownFileType = sourcecode.swift; path = AnswerViewController.swift; sourceTree = "<group>"; };
		9BB50C02C6F674D8EDB52F0D /* Pods-FlashMentalArithmeticApp.release.xcconfig */ = {isa = PBXFileReference; includeInIndex = 1; lastKnownFileType = text.xcconfig; name = "Pods-FlashMentalArithmeticApp.release.xcconfig"; path = "Target Support Files/Pods-FlashMentalArithmeticApp/Pods-FlashMentalArithmeticApp.release.xcconfig"; sourceTree = "<group>"; };
/* End PBXFileReference section */

/* Begin PBXFrameworksBuildPhase section */
		79145DB7269DB545008FAEAC /* Frameworks */ = {
			isa = PBXFrameworksBuildPhase;
			buildActionMask = 2147483647;
			files = (
				0E5F795AAB84B2D93B6AF041 /* Pods_FlashMentalArithmeticApp.framework in Frameworks */,
			);
			runOnlyForDeploymentPostprocessing = 0;
		};
/* End PBXFrameworksBuildPhase section */

/* Begin PBXGroup section */
		79145DB1269DB545008FAEAC = {
			isa = PBXGroup;
			children = (
				79145DBC269DB545008FAEAC /* FlashMentalArithmeticApp */,
				79145DBB269DB545008FAEAC /* Products */,
				D6C22E5DA3485BE909FFF250 /* Pods */,
				9E8E70FA439AB8A57844CC14 /* Frameworks */,
			);
			sourceTree = "<group>";
		};
		79145DBB269DB545008FAEAC /* Products */ = {
			isa = PBXGroup;
			children = (
				79145DBA269DB545008FAEAC /* FlashMentalArithmeticApp.app */,
			);
			name = Products;
			sourceTree = "<group>";
		};
		79145DBC269DB545008FAEAC /* FlashMentalArithmeticApp */ = {
			isa = PBXGroup;
			children = (
				79145DBD269DB545008FAEAC /* AppDelegate.swift */,
				79145DBF269DB545008FAEAC /* SceneDelegate.swift */,
				79145DC1269DB545008FAEAC /* ViewController.swift */,
				79145DD3269E6A59008FAEAC /* AnswerViewController.swift */,
				79145DC3269DB545008FAEAC /* Main.storyboard */,
				79145DC6269DB547008FAEAC /* Assets.xcassets */,
				79145DC8269DB547008FAEAC /* LaunchScreen.storyboard */,
				79145DCB269DB547008FAEAC /* Info.plist */,
			);
			path = FlashMentalArithmeticApp;
			sourceTree = "<group>";
		};
		9E8E70FA439AB8A57844CC14 /* Frameworks */ = {
			isa = PBXGroup;
			children = (
				0782F2D12BA455DA9AD7746B /* Pods_FlashMentalArithmeticApp.framework */,
			);
			name = Frameworks;
			sourceTree = "<group>";
		};
		D6C22E5DA3485BE909FFF250 /* Pods */ = {
			isa = PBXGroup;
			children = (
				34418129A42571A0B8A30795 /* Pods-FlashMentalArithmeticApp.debug.xcconfig */,
				9BB50C02C6F674D8EDB52F0D /* Pods-FlashMentalArithmeticApp.release.xcconfig */,
			);
			path = Pods;
			sourceTree = "<group>";
		};
/* End PBXGroup section */

/* Begin PBXNativeTarget section */
		79145DB9269DB545008FAEAC /* FlashMentalArithmeticApp */ = {
			isa = PBXNativeTarget;
			buildConfigurationList = 79145DCE269DB547008FAEAC /* Build configuration list for PBXNativeTarget "FlashMentalArithmeticApp" */;
			buildPhases = (
				29703165F39CA2DFA2F15164 /* [CP] Check Pods Manifest.lock */,
				79145DB6269DB545008FAEAC /* Sources */,
				79145DB7269DB545008FAEAC /* Frameworks */,
				79145DB8269DB545008FAEAC /* Resources */,
			);
			buildRules = (
			);
			dependencies = (
			);
			name = FlashMentalArithmeticApp;
			productName = FlashMentalArithmeticApp;
			productReference = 79145DBA269DB545008FAEAC /* FlashMentalArithmeticApp.app */;
			productType = "com.apple.product-type.application";
		};
/* End PBXNativeTarget section */

/* Begin PBXProject section */
		79145DB2269DB545008FAEAC /* Project object */ = {
			isa = PBXProject;
			attributes = {
				LastSwiftUpdateCheck = 1230;
				LastUpgradeCheck = 1230;
				TargetAttributes = {
					79145DB9269DB545008FAEAC = {
						CreatedOnToolsVersion = 12.3;
					};
				};
			};
			buildConfigurationList = 79145DB5269DB545008FAEAC /* Build configuration list for PBXProject "FlashMentalArithmeticApp" */;
			compatibilityVersion = "Xcode 9.3";
			developmentRegion = en;
			hasScannedForEncodings = 0;
			knownRegions = (
				en,
				Base,
			);
			mainGroup = 79145DB1269DB545008FAEAC;
			productRefGroup = 79145DBB269DB545008FAEAC /* Products */;
			projectDirPath = "";
			projectRoot = "";
			targets = (
				79145DB9269DB545008FAEAC /* FlashMentalArithmeticApp */,
			);
		};
/* End PBXProject section */

/* Begin PBXResourcesBuildPhase section */
		79145DB8269DB545008FAEAC /* Resources */ = {
			isa = PBXResourcesBuildPhase;
			buildActionMask = 2147483647;
			files = (
				79145DCA269DB547008FAEAC /* LaunchScreen.storyboard in Resources */,
				79145DC7269DB547008FAEAC /* Assets.xcassets in Resources */,
				79145DC5269DB545008FAEAC /* Main.storyboard in Resources */,
			);
			runOnlyForDeploymentPostprocessing = 0;
		};
/* End PBXResourcesBuildPhase section */

/* Begin PBXShellScriptBuildPhase section */
		29703165F39CA2DFA2F15164 /* [CP] Check Pods Manifest.lock */ = {
			isa = PBXShellScriptBuildPhase;
			buildActionMask = 2147483647;
			files = (
			);
			inputFileListPaths = (
			);
			inputPaths = (
				"${PODS_PODFILE_DIR_PATH}/Podfile.lock",
				"${PODS_ROOT}/Manifest.lock",
			);
			name = "[CP] Check Pods Manifest.lock";
			outputFileListPaths = (
			);
			outputPaths = (
				"$(DERIVED_FILE_DIR)/Pods-FlashMentalArithmeticApp-checkManifestLockResult.txt",
			);
			runOnlyForDeploymentPostprocessing = 0;
			shellPath = /bin/sh;
			shellScript = "diff \"${PODS_PODFILE_DIR_PATH}/Podfile.lock\" \"${PODS_ROOT}/Manifest.lock\" > /dev/null\nif [ $? != 0 ] ; then\n    # print error to STDERR\n    echo \"error: The sandbox is not in sync with the Podfile.lock. Run 'pod install' or update your CocoaPods installation.\" >&2\n    exit 1\nfi\n# This output is used by Xcode 'outputs' to avoid re-running this script phase.\necho \"SUCCESS\" > \"${SCRIPT_OUTPUT_FILE_0}\"\n";
			showEnvVarsInLog = 0;
		};
/* End PBXShellScriptBuildPhase section */

/* Begin PBXSourcesBuildPhase section */
		79145DB6269DB545008FAEAC /* Sources */ = {
			isa = PBXSourcesBuildPhase;
			buildActionMask = 2147483647;
			files = (
				79145DD4269E6A59008FAEAC /* AnswerViewController.swift in Sources */,
				79145DC2269DB545008FAEAC /* ViewController.swift in Sources */,
				79145DBE269DB545008FAEAC /* AppDelegate.swift in Sources */,
				79145DC0269DB545008FAEAC /* SceneDelegate.swift in Sources */,
			);
			runOnlyForDeploymentPostprocessing = 0;
		};
/* End PBXSourcesBuildPhase section */

/* Begin PBXVariantGroup section */
		79145DC3269DB545008FAEAC /* Main.storyboard */ = {
			isa = PBXVariantGroup;
			children = (
				79145DC4269DB545008FAEAC /* Base */,
			);
			name = Main.storyboard;
			sourceTree = "<group>";
		};
		79145DC8269DB547008FAEAC /* LaunchScreen.storyboard */ = {
			isa = PBXVariantGroup;
			children = (
				79145DC9269DB547008FAEAC /* Base */,
			);
			name = LaunchScreen.storyboard;
			sourceTree = "<group>";
		};
/* End PBXVariantGroup section */

/* Begin XCBuildConfiguration section */
		79145DCC269DB547008FAEAC /* Debug */ = {
			isa = XCBuildConfiguration;
			buildSettings = {
				ALWAYS_SEARCH_USER_PATHS = NO;
				CLANG_ANALYZER_NONNULL = YES;
				CLANG_ANALYZER_NUMBER_OBJECT_CONVERSION = YES_AGGRESSIVE;
				CLANG_CXX_LANGUAGE_STANDARD = "gnu++14";
				CLANG_CXX_LIBRARY = "libc++";
				CLANG_ENABLE_MODULES = YES;
				CLANG_ENABLE_OBJC_ARC = YES;
				CLANG_ENABLE_OBJC_WEAK = YES;
				CLANG_WARN_BLOCK_CAPTURE_AUTORELEASING = YES;
				CLANG_WARN_BOOL_CONVERSION = YES;
				CLANG_WARN_COMMA = YES;
				CLANG_WARN_CONSTANT_CONVERSION = YES;
				CLANG_WARN_DEPRECATED_OBJC_IMPLEMENTATIONS = YES;
				CLANG_WARN_DIRECT_OBJC_ISA_USAGE = YES_ERROR;
				CLANG_WARN_DOCUMENTATION_COMMENTS = YES;
				CLANG_WARN_EMPTY_BODY = YES;
				CLANG_WARN_ENUM_CONVERSION = YES;
				CLANG_WARN_INFINITE_RECURSION = YES;
				CLANG_WARN_INT_CONVERSION = YES;
				CLANG_WARN_NON_LITERAL_NULL_CONVERSION = YES;
				CLANG_WARN_OBJC_IMPLICIT_RETAIN_SELF = YES;
				CLANG_WARN_OBJC_LITERAL_CONVERSION = YES;
				CLANG_WARN_OBJC_ROOT_CLASS = YES_ERROR;
				CLANG_WARN_QUOTED_INCLUDE_IN_FRAMEWORK_HEADER = YES;
				CLANG_WARN_RANGE_LOOP_ANALYSIS = YES;
				CLANG_WARN_STRICT_PROTOTYPES = YES;
				CLANG_WARN_SUSPICIOUS_MOVE = YES;
				CLANG_WARN_UNGUARDED_AVAILABILITY = YES_AGGRESSIVE;
				CLANG_WARN_UNREACHABLE_CODE = YES;
				CLANG_WARN__DUPLICATE_METHOD_MATCH = YES;
				COPY_PHASE_STRIP = NO;
				DEBUG_INFORMATION_FORMAT = dwarf;
				ENABLE_STRICT_OBJC_MSGSEND = YES;
				ENABLE_TESTABILITY = YES;
				"EXCLUDED_ARCHS[sdk=*]" = arm64;
				GCC_C_LANGUAGE_STANDARD = gnu11;
				GCC_DYNAMIC_NO_PIC = NO;
				GCC_NO_COMMON_BLOCKS = YES;
				GCC_OPTIMIZATION_LEVEL = 0;
				GCC_PREPROCESSOR_DEFINITIONS = (
					"DEBUG=1",
					"$(inherited)",
				);
				GCC_WARN_64_TO_32_BIT_CONVERSION = YES;
				GCC_WARN_ABOUT_RETURN_TYPE = YES_ERROR;
				GCC_WARN_UNDECLARED_SELECTOR = YES;
				GCC_WARN_UNINITIALIZED_AUTOS = YES_AGGRESSIVE;
				GCC_WARN_UNUSED_FUNCTION = YES;
				GCC_WARN_UNUSED_VARIABLE = YES;
				IPHONEOS_DEPLOYMENT_TARGET = 14.3;
				MTL_ENABLE_DEBUG_INFO = INCLUDE_SOURCE;
				MTL_FAST_MATH = YES;
				ONLY_ACTIVE_ARCH = NO;
				SDKROOT = iphoneos;
				SWIFT_ACTIVE_COMPILATION_CONDITIONS = DEBUG;
				SWIFT_OPTIMIZATION_LEVEL = "-Onone";
			};
			name = Debug;
		};
		79145DCD269DB547008FAEAC /* Release */ = {
			isa = XCBuildConfiguration;
			buildSettings = {
				ALWAYS_SEARCH_USER_PATHS = NO;
				CLANG_ANALYZER_NONNULL = YES;
				CLANG_ANALYZER_NUMBER_OBJECT_CONVERSION = YES_AGGRESSIVE;
				CLANG_CXX_LANGUAGE_STANDARD = "gnu++14";
				CLANG_CXX_LIBRARY = "libc++";
				CLANG_ENABLE_MODULES = YES;
				CLANG_ENABLE_OBJC_ARC = YES;
				CLANG_ENABLE_OBJC_WEAK = YES;
				CLANG_WARN_BLOCK_CAPTURE_AUTORELEASING = YES;
				CLANG_WARN_BOOL_CONVERSION = YES;
				CLANG_WARN_COMMA = YES;
				CLANG_WARN_CONSTANT_CONVERSION = YES;
				CLANG_WARN_DEPRECATED_OBJC_IMPLEMENTATIONS = YES;
				CLANG_WARN_DIRECT_OBJC_ISA_USAGE = YES_ERROR;
				CLANG_WARN_DOCUMENTATION_COMMENTS = YES;
				CLANG_WARN_EMPTY_BODY = YES;
				CLANG_WARN_ENUM_CONVERSION = YES;
				CLANG_WARN_INFINITE_RECURSION = YES;
				CLANG_WARN_INT_CONVERSION = YES;
				CLANG_WARN_NON_LITERAL_NULL_CONVERSION = YES;
				CLANG_WARN_OBJC_IMPLICIT_RETAIN_SELF = YES;
				CLANG_WARN_OBJC_LITERAL_CONVERSION = YES;
				CLANG_WARN_OBJC_ROOT_CLASS = YES_ERROR;
				CLANG_WARN_QUOTED_INCLUDE_IN_FRAMEWORK_HEADER = YES;
				CLANG_WARN_RANGE_LOOP_ANALYSIS = YES;
				CLANG_WARN_STRICT_PROTOTYPES = YES;
				CLANG_WARN_SUSPICIOUS_MOVE = YES;
				CLANG_WARN_UNGUARDED_AVAILABILITY = YES_AGGRESSIVE;
				CLANG_WARN_UNREACHABLE_CODE = YES;
				CLANG_WARN__DUPLICATE_METHOD_MATCH = YES;
				COPY_PHASE_STRIP = NO;
				DEBUG_INFORMATION_FORMAT = "dwarf-with-dsym";
				ENABLE_NS_ASSERTIONS = NO;
				ENABLE_STRICT_OBJC_MSGSEND = YES;
				"EXCLUDED_ARCHS[sdk=*]" = arm64;
				GCC_C_LANGUAGE_STANDARD = gnu11;
				GCC_NO_COMMON_BLOCKS = YES;
				GCC_WARN_64_TO_32_BIT_CONVERSION = YES;
				GCC_WARN_ABOUT_RETURN_TYPE = YES_ERROR;
				GCC_WARN_UNDECLARED_SELECTOR = YES;
				GCC_WARN_UNINITIALIZED_AUTOS = YES_AGGRESSIVE;
				GCC_WARN_UNUSED_FUNCTION = YES;
				GCC_WARN_UNUSED_VARIABLE = YES;
				IPHONEOS_DEPLOYMENT_TARGET = 14.3;
				MTL_ENABLE_DEBUG_INFO = NO;
				MTL_FAST_MATH = YES;
				ONLY_ACTIVE_ARCH = NO;
				SDKROOT = iphoneos;
				SWIFT_COMPILATION_MODE = wholemodule;
				SWIFT_OPTIMIZATION_LEVEL = "-O";
				VALIDATE_PRODUCT = YES;
			};
			name = Release;
		};
		79145DCF269DB547008FAEAC /* Debug */ = {
			isa = XCBuildConfiguration;
			baseConfigurationReference = 34418129A42571A0B8A30795 /* Pods-FlashMentalArithmeticApp.debug.xcconfig */;
			buildSettings = {
				ASSETCATALOG_COMPILER_APPICON_NAME = AppIcon;
				ASSETCATALOG_COMPILER_GLOBAL_ACCENT_COLOR_NAME = AccentColor;
				CODE_SIGN_STYLE = Automatic;
				INFOPLIST_FILE = FlashMentalArithmeticApp/Info.plist;
				IPHONEOS_DEPLOYMENT_TARGET = 13.0;
				LD_RUNPATH_SEARCH_PATHS = (
					"$(inherited)",
					"@executable_path/Frameworks",
				);
				PRODUCT_BUNDLE_IDENTIFIER = com.shuhei.FlashMentalArithmeticApp;
				PRODUCT_NAME = "$(TARGET_NAME)";
				SWIFT_VERSION = 5.0;
				TARGETED_DEVICE_FAMILY = 1;
			};
			name = Debug;
		};
		79145DD0269DB547008FAEAC /* Release */ = {
			isa = XCBuildConfiguration;
			baseConfigurationReference = 9BB50C02C6F674D8EDB52F0D /* Pods-FlashMentalArithmeticApp.release.xcconfig */;
			buildSettings = {
				ASSETCATALOG_COMPILER_APPICON_NAME = AppIcon;
				ASSETCATALOG_COMPILER_GLOBAL_ACCENT_COLOR_NAME = AccentColor;
				CODE_SIGN_STYLE = Automatic;
				INFOPLIST_FILE = FlashMentalArithmeticApp/Info.plist;
				IPHONEOS_DEPLOYMENT_TARGET = 13.0;
				LD_RUNPATH_SEARCH_PATHS = (
					"$(inherited)",
					"@executable_path/Frameworks",
				);
				PRODUCT_BUNDLE_IDENTIFIER = com.shuhei.FlashMentalArithmeticApp;
				PRODUCT_NAME = "$(TARGET_NAME)";
				SWIFT_VERSION = 5.0;
				TARGETED_DEVICE_FAMILY = 1;
			};
			name = Release;
		};
/* End XCBuildConfiguration section */

/* Begin XCConfigurationList section */
		79145DB5269DB545008FAEAC /* Build configuration list for PBXProject "FlashMentalArithmeticApp" */ = {
			isa = XCConfigurationList;
			buildConfigurations = (
				79145DCC269DB547008FAEAC /* Debug */,
				79145DCD269DB547008FAEAC /* Release */,
			);
			defaultConfigurationIsVisible = 0;
			defaultConfigurationName = Release;
		};
		79145DCE269DB547008FAEAC /* Build configuration list for PBXNativeTarget "FlashMentalArithmeticApp" */ = {
			isa = XCConfigurationList;
			buildConfigurations = (
				79145DCF269DB547008FAEAC /* Debug */,
				79145DD0269DB547008FAEAC /* Release */,
			);
			defaultConfigurationIsVisible = 0;
			defaultConfigurationName = Release;
		};
/* End XCConfigurationList section */
	};
	rootObject = 79145DB2269DB545008FAEAC /* Project object */;
}
